
Microsoft Visual Studio Solution File, Format Version 12.00
# Visual Studio Version 17
VisualStudioVersion = 17.7.34031.279
MinimumVisualStudioVersion = 10.0.40219.1
Project("{FAE04EC0-301F-11D3-BF4B-00C04F79EFBC}") = "Desafio dos pedidos fraudulentos", "Desafio dos pedidos fraudulentos\Desafio dos pedidos fraudulentos.csproj", "{65E6E238-28F3-43E2-8CAD-0A19CC029122}"
EndProject
Global
	GlobalSection(SolutionConfigurationPlatforms) = preSolution
		Debug|Any CPU = Debug|Any CPU
		Release|Any CPU = Release|Any CPU
	EndGlobalSection
	GlobalSection(ProjectConfigurationPlatforms) = postSolution
		{65E6E238-28F3-43E2-8CAD-0A19CC029122}.Debug|Any CPU.ActiveCfg = Debug|Any CPU
		{65E6E238-28F3-43E2-8CAD-0A19CC029122}.Debug|Any CPU.Build.0 = Debug|Any CPU
		{65E6E238-28F3-43E2-8CAD-0A19CC029122}.Release|Any CPU.ActiveCfg = Release|Any CPU
		{65E6E238-28F3-43E2-8CAD-0A19CC029122}.Release|Any CPU.Build.0 = Release|Any CPU
	EndGlobalSection
	GlobalSection(SolutionProperties) = preSolution
		HideSolutionNode = FALSE
	EndGlobalSection
	GlobalSection(ExtensibilityGlobals) = postSolution
		SolutionGuid = {64CAD4D0-08B6-40F2-9631-B511828F2983}
	EndGlobalSection
EndGlobal
